# THIS IS AN AUTOGENERATED FILE. DO NOT EDIT THIS FILE DIRECTLY.
# yarn lockfile v1


"@aws-crypto/crc32@3.0.0":
  version "3.0.0"
  resolved "https://registry.yarnpkg.com/@aws-crypto/crc32/-/crc32-3.0.0.tgz#07300eca214409c33e3ff769cd5697b57fdd38fa"
  integrity sha512-IzSgsrxUcsrejQbPVilIKy16kAT52EwB6zSaI+M3xxIhKh5+aldEyvI+z6erM7TCLB2BJsFrtHjp6/4/sr+3dA==
  dependencies:
    "@aws-crypto/util" "^3.0.0"
    "@aws-sdk/types" "^3.222.0"
    tslib "^1.11.1"

"@aws-crypto/ie11-detection@^3.0.0":
  version "3.0.0"
  resolved "https://registry.yarnpkg.com/@aws-crypto/ie11-detection/-/ie11-detection-3.0.0.tgz#640ae66b4ec3395cee6a8e94ebcd9f80c24cd688"
  integrity sha512-341lBBkiY1DfDNKai/wXM3aujNBkXR7tq1URPQDL9wi3AUbI80NR74uF1TXHMm7po1AcnFk8iu2S2IeU/+/A+Q==
  dependencies:
    tslib "^1.11.1"

"@aws-crypto/sha256-browser@3.0.0":
  version "3.0.0"
  resolved "https://registry.yarnpkg.com/@aws-crypto/sha256-browser/-/sha256-browser-3.0.0.tgz#05f160138ab893f1c6ba5be57cfd108f05827766"
  integrity sha512-8VLmW2B+gjFbU5uMeqtQM6Nj0/F1bro80xQXCW6CQBWgosFWXTx77aeOF5CAIAmbOK64SdMBJdNr6J41yP5mvQ==
  dependencies:
    "@aws-crypto/ie11-detection" "^3.0.0"
    "@aws-crypto/sha256-js" "^3.0.0"
    "@aws-crypto/supports-web-crypto" "^3.0.0"
    "@aws-crypto/util" "^3.0.0"
    "@aws-sdk/types" "^3.222.0"
    "@aws-sdk/util-locate-window" "^3.0.0"
    "@aws-sdk/util-utf8-browser" "^3.0.0"
    tslib "^1.11.1"

"@aws-crypto/sha256-js@3.0.0", "@aws-crypto/sha256-js@^3.0.0":
  version "3.0.0"
  resolved "https://registry.yarnpkg.com/@aws-crypto/sha256-js/-/sha256-js-3.0.0.tgz#f06b84d550d25521e60d2a0e2a90139341e007c2"
  integrity sha512-PnNN7os0+yd1XvXAy23CFOmTbMaDxgxXtTKHybrJ39Y8kGzBATgBFibWJKH6BhytLI/Zyszs87xCOBNyBig6vQ==
  dependencies:
    "@aws-crypto/util" "^3.0.0"
    "@aws-sdk/types" "^3.222.0"
    tslib "^1.11.1"

"@aws-crypto/supports-web-crypto@^3.0.0":
  version "3.0.0"
  resolved "https://registry.yarnpkg.com/@aws-crypto/supports-web-crypto/-/supports-web-crypto-3.0.0.tgz#5d1bf825afa8072af2717c3e455f35cda0103ec2"
  integrity sha512-06hBdMwUAb2WFTuGG73LSC0wfPu93xWwo5vL2et9eymgmu3Id5vFAHBbajVWiGhPO37qcsdCap/FqXvJGJWPIg==
  dependencies:
    tslib "^1.11.1"

"@aws-crypto/util@^3.0.0":
  version "3.0.0"
  resolved "https://registry.yarnpkg.com/@aws-crypto/util/-/util-3.0.0.tgz#1c7ca90c29293f0883468ad48117937f0fe5bfb0"
  integrity sha512-2OJlpeJpCR48CC8r+uKVChzs9Iungj9wkZrl8Z041DWEWvyIHILYKCPNzJghKsivj+S3mLo6BVc7mBNzdxA46w==
  dependencies:
    "@aws-sdk/types" "^3.222.0"
    "@aws-sdk/util-utf8-browser" "^3.0.0"
    tslib "^1.11.1"

"@aws-sdk/client-route-53@^3.533.0":
  version "3.533.0"
  resolved "https://registry.yarnpkg.com/@aws-sdk/client-route-53/-/client-route-53-3.533.0.tgz#fb2d29ad3a084b9f380580db1859665e9229b0c5"
  integrity sha512-FZ3HeqyN7JjtPilZgvqhm+b+hIiMI3XAZfRKdx9/9L4EoXrKoxLdDLKrLJRi79k8hKaN4R3td7vlv6n6tqwnbw==
  dependencies:
    "@aws-crypto/sha256-browser" "3.0.0"
    "@aws-crypto/sha256-js" "3.0.0"
    "@aws-sdk/client-sts" "3.533.0"
    "@aws-sdk/core" "3.533.0"
    "@aws-sdk/credential-provider-node" "3.533.0"
    "@aws-sdk/middleware-host-header" "3.533.0"
    "@aws-sdk/middleware-logger" "3.533.0"
    "@aws-sdk/middleware-recursion-detection" "3.533.0"
    "@aws-sdk/middleware-sdk-route53" "3.533.0"
    "@aws-sdk/middleware-user-agent" "3.533.0"
    "@aws-sdk/region-config-resolver" "3.533.0"
    "@aws-sdk/types" "3.533.0"
    "@aws-sdk/util-endpoints" "3.533.0"
    "@aws-sdk/util-user-agent-browser" "3.533.0"
    "@aws-sdk/util-user-agent-node" "3.533.0"
    "@aws-sdk/xml-builder" "3.533.0"
    "@smithy/config-resolver" "^2.1.5"
    "@smithy/core" "^1.3.8"
    "@smithy/fetch-http-handler" "^2.4.5"
    "@smithy/hash-node" "^2.1.4"
    "@smithy/invalid-dependency" "^2.1.4"
    "@smithy/middleware-content-length" "^2.1.4"
    "@smithy/middleware-endpoint" "^2.4.6"
    "@smithy/middleware-retry" "^2.1.7"
    "@smithy/middleware-serde" "^2.2.1"
    "@smithy/middleware-stack" "^2.1.4"
    "@smithy/node-config-provider" "^2.2.5"
    "@smithy/node-http-handler" "^2.4.3"
    "@smithy/protocol-http" "^3.2.2"
    "@smithy/smithy-client" "^2.4.5"
    "@smithy/types" "^2.11.0"
    "@smithy/url-parser" "^2.1.4"
    "@smithy/util-base64" "^2.2.1"
    "@smithy/util-body-length-browser" "^2.1.1"
    "@smithy/util-body-length-node" "^2.2.2"
    "@smithy/util-defaults-mode-browser" "^2.1.7"
    "@smithy/util-defaults-mode-node" "^2.2.7"
    "@smithy/util-endpoints" "^1.1.5"
    "@smithy/util-middleware" "^2.1.4"
    "@smithy/util-retry" "^2.1.4"
    "@smithy/util-utf8" "^2.2.0"
    "@smithy/util-waiter" "^2.1.4"
    tslib "^2.5.0"

"@aws-sdk/client-sso-oidc@3.533.0":
  version "3.533.0"
  resolved "https://registry.yarnpkg.com/@aws-sdk/client-sso-oidc/-/client-sso-oidc-3.533.0.tgz#a4a3ad2c50a8852119c28b7dc5aa43b6aac9570f"
  integrity sha512-jxG+L81bcuH6JJkls+VSRsOTpixvNEQ8clpUglal/XC+qiV09yZUnOi+Fxf2q7OAB7bfM9DB3Wy8YwbhaR2wYg==
  dependencies:
    "@aws-crypto/sha256-browser" "3.0.0"
    "@aws-crypto/sha256-js" "3.0.0"
    "@aws-sdk/client-sts" "3.533.0"
    "@aws-sdk/core" "3.533.0"
    "@aws-sdk/middleware-host-header" "3.533.0"
    "@aws-sdk/middleware-logger" "3.533.0"
    "@aws-sdk/middleware-recursion-detection" "3.533.0"
    "@aws-sdk/middleware-user-agent" "3.533.0"
    "@aws-sdk/region-config-resolver" "3.533.0"
    "@aws-sdk/types" "3.533.0"
    "@aws-sdk/util-endpoints" "3.533.0"
    "@aws-sdk/util-user-agent-browser" "3.533.0"
    "@aws-sdk/util-user-agent-node" "3.533.0"
    "@smithy/config-resolver" "^2.1.5"
    "@smithy/core" "^1.3.8"
    "@smithy/fetch-http-handler" "^2.4.5"
    "@smithy/hash-node" "^2.1.4"
    "@smithy/invalid-dependency" "^2.1.4"
    "@smithy/middleware-content-length" "^2.1.4"
    "@smithy/middleware-endpoint" "^2.4.6"
    "@smithy/middleware-retry" "^2.1.7"
    "@smithy/middleware-serde" "^2.2.1"
    "@smithy/middleware-stack" "^2.1.4"
    "@smithy/node-config-provider" "^2.2.5"
    "@smithy/node-http-handler" "^2.4.3"
    "@smithy/protocol-http" "^3.2.2"
    "@smithy/smithy-client" "^2.4.5"
    "@smithy/types" "^2.11.0"
    "@smithy/url-parser" "^2.1.4"
    "@smithy/util-base64" "^2.2.1"
    "@smithy/util-body-length-browser" "^2.1.1"
    "@smithy/util-body-length-node" "^2.2.2"
    "@smithy/util-defaults-mode-browser" "^2.1.7"
    "@smithy/util-defaults-mode-node" "^2.2.7"
    "@smithy/util-endpoints" "^1.1.5"
    "@smithy/util-middleware" "^2.1.4"
    "@smithy/util-retry" "^2.1.4"
    "@smithy/util-utf8" "^2.2.0"
    tslib "^2.5.0"

"@aws-sdk/client-sso@3.533.0":
  version "3.533.0"
  resolved "https://registry.yarnpkg.com/@aws-sdk/client-sso/-/client-sso-3.533.0.tgz#ff0fd1631ed26d577e4ba28601699131d3c285e0"
  integrity sha512-qO+PCEM3fGS/3uBJQjQ01oAI+ashN0CHTJF8X0h3ycVsv3VAAYrpZigpylOOgv7c253s7VrSwjvdKIE8yTbelw==
  dependencies:
    "@aws-crypto/sha256-browser" "3.0.0"
    "@aws-crypto/sha256-js" "3.0.0"
    "@aws-sdk/core" "3.533.0"
    "@aws-sdk/middleware-host-header" "3.533.0"
    "@aws-sdk/middleware-logger" "3.533.0"
    "@aws-sdk/middleware-recursion-detection" "3.533.0"
    "@aws-sdk/middleware-user-agent" "3.533.0"
    "@aws-sdk/region-config-resolver" "3.533.0"
    "@aws-sdk/types" "3.533.0"
    "@aws-sdk/util-endpoints" "3.533.0"
    "@aws-sdk/util-user-agent-browser" "3.533.0"
    "@aws-sdk/util-user-agent-node" "3.533.0"
    "@smithy/config-resolver" "^2.1.5"
    "@smithy/core" "^1.3.8"
    "@smithy/fetch-http-handler" "^2.4.5"
    "@smithy/hash-node" "^2.1.4"
    "@smithy/invalid-dependency" "^2.1.4"
    "@smithy/middleware-content-length" "^2.1.4"
    "@smithy/middleware-endpoint" "^2.4.6"
    "@smithy/middleware-retry" "^2.1.7"
    "@smithy/middleware-serde" "^2.2.1"
    "@smithy/middleware-stack" "^2.1.4"
    "@smithy/node-config-provider" "^2.2.5"
    "@smithy/node-http-handler" "^2.4.3"
    "@smithy/protocol-http" "^3.2.2"
    "@smithy/smithy-client" "^2.4.5"
    "@smithy/types" "^2.11.0"
    "@smithy/url-parser" "^2.1.4"
    "@smithy/util-base64" "^2.2.1"
    "@smithy/util-body-length-browser" "^2.1.1"
    "@smithy/util-body-length-node" "^2.2.2"
    "@smithy/util-defaults-mode-browser" "^2.1.7"
    "@smithy/util-defaults-mode-node" "^2.2.7"
    "@smithy/util-endpoints" "^1.1.5"
    "@smithy/util-middleware" "^2.1.4"
    "@smithy/util-retry" "^2.1.4"
    "@smithy/util-utf8" "^2.2.0"
    tslib "^2.5.0"

"@aws-sdk/client-sts@3.533.0":
  version "3.533.0"
  resolved "https://registry.yarnpkg.com/@aws-sdk/client-sts/-/client-sts-3.533.0.tgz#a792fc321509dee0b104a3470653663315068bce"
  integrity sha512-Z/z76T/pEq0DsBpoyWSMQdS7R6IRpq2ZV6dfZwr+HZ2vho2Icd70nIxwiNzZxaV16aVIhu5/l/5v5Ns9ZCfyOA==
  dependencies:
    "@aws-crypto/sha256-browser" "3.0.0"
    "@aws-crypto/sha256-js" "3.0.0"
    "@aws-sdk/core" "3.533.0"
    "@aws-sdk/middleware-host-header" "3.533.0"
    "@aws-sdk/middleware-logger" "3.533.0"
    "@aws-sdk/middleware-recursion-detection" "3.533.0"
    "@aws-sdk/middleware-user-agent" "3.533.0"
    "@aws-sdk/region-config-resolver" "3.533.0"
    "@aws-sdk/types" "3.533.0"
    "@aws-sdk/util-endpoints" "3.533.0"
    "@aws-sdk/util-user-agent-browser" "3.533.0"
    "@aws-sdk/util-user-agent-node" "3.533.0"
    "@smithy/config-resolver" "^2.1.5"
    "@smithy/core" "^1.3.8"
    "@smithy/fetch-http-handler" "^2.4.5"
    "@smithy/hash-node" "^2.1.4"
    "@smithy/invalid-dependency" "^2.1.4"
    "@smithy/middleware-content-length" "^2.1.4"
    "@smithy/middleware-endpoint" "^2.4.6"
    "@smithy/middleware-retry" "^2.1.7"
    "@smithy/middleware-serde" "^2.2.1"
    "@smithy/middleware-stack" "^2.1.4"
    "@smithy/node-config-provider" "^2.2.5"
    "@smithy/node-http-handler" "^2.4.3"
    "@smithy/protocol-http" "^3.2.2"
    "@smithy/smithy-client" "^2.4.5"
    "@smithy/types" "^2.11.0"
    "@smithy/url-parser" "^2.1.4"
    "@smithy/util-base64" "^2.2.1"
    "@smithy/util-body-length-browser" "^2.1.1"
    "@smithy/util-body-length-node" "^2.2.2"
    "@smithy/util-defaults-mode-browser" "^2.1.7"
    "@smithy/util-defaults-mode-node" "^2.2.7"
    "@smithy/util-endpoints" "^1.1.5"
    "@smithy/util-middleware" "^2.1.4"
    "@smithy/util-retry" "^2.1.4"
    "@smithy/util-utf8" "^2.2.0"
    tslib "^2.5.0"

"@aws-sdk/core@3.533.0":
  version "3.533.0"
  resolved "https://registry.yarnpkg.com/@aws-sdk/core/-/core-3.533.0.tgz#222dd8eed4fe93904462dc094d35bc67f5eaaac7"
  integrity sha512-m3jq9WJbIvlDOnN5KG5U/org1MwOwXzfyU2Rr/48rRey6/+kNSm5QzYZMT0Htsk8V5Ukp325dzs/XR8DyO9uMQ==
  dependencies:
    "@smithy/core" "^1.3.8"
    "@smithy/protocol-http" "^3.2.2"
    "@smithy/signature-v4" "^2.1.4"
    "@smithy/smithy-client" "^2.4.5"
    "@smithy/types" "^2.11.0"
    fast-xml-parser "4.2.5"
    tslib "^2.5.0"

"@aws-sdk/credential-provider-env@3.533.0":
  version "3.533.0"
  resolved "https://registry.yarnpkg.com/@aws-sdk/credential-provider-env/-/credential-provider-env-3.533.0.tgz#d246b17f1206cf77d4d55651116b3b0d637a45e9"
  integrity sha512-opj7hfcCeNosSmxfJkJr0Af0aSxlqwkdCPlLEvOTwbHmdkovD+SyEpaI4/0ild0syZDMifuJAU6I6K0ukbcm3g==
  dependencies:
    "@aws-sdk/types" "3.533.0"
    "@smithy/property-provider" "^2.1.4"
    "@smithy/types" "^2.11.0"
    tslib "^2.5.0"

"@aws-sdk/credential-provider-http@3.533.0":
  version "3.533.0"
  resolved "https://registry.yarnpkg.com/@aws-sdk/credential-provider-http/-/credential-provider-http-3.533.0.tgz#bf403804e956d32ea405f7dd3f2cbf9c9a089fe8"
  integrity sha512-m5z3V9MRO77t1CF312QKaQSfYG2MM/USqZ1Jj6srb+kJBX+GuVXbkc0+NwrpG5+j8Iukgxy1tms+0p3Wjatu6A==
  dependencies:
    "@aws-sdk/types" "3.533.0"
    "@smithy/fetch-http-handler" "^2.4.5"
    "@smithy/node-http-handler" "^2.4.3"
    "@smithy/property-provider" "^2.1.4"
    "@smithy/protocol-http" "^3.2.2"
    "@smithy/smithy-client" "^2.4.5"
    "@smithy/types" "^2.11.0"
    "@smithy/util-stream" "^2.1.5"
    tslib "^2.5.0"

"@aws-sdk/credential-provider-ini@3.533.0":
  version "3.533.0"
  resolved "https://registry.yarnpkg.com/@aws-sdk/credential-provider-ini/-/credential-provider-ini-3.533.0.tgz#3018cf2d26b0153a3599a375037220254ca0506c"
  integrity sha512-xQ7TMY+j99zxOph+LJJhGPIav6RpydESZgIp5cp/pFY4Liwe5e84M7SaCgkFLck2HE9s7MhP42c8xmC6u9PIuw==
  dependencies:
    "@aws-sdk/client-sts" "3.533.0"
    "@aws-sdk/credential-provider-env" "3.533.0"
    "@aws-sdk/credential-provider-process" "3.533.0"
    "@aws-sdk/credential-provider-sso" "3.533.0"
    "@aws-sdk/credential-provider-web-identity" "3.533.0"
    "@aws-sdk/types" "3.533.0"
    "@smithy/credential-provider-imds" "^2.2.6"
    "@smithy/property-provider" "^2.1.4"
    "@smithy/shared-ini-file-loader" "^2.3.5"
    "@smithy/types" "^2.11.0"
    tslib "^2.5.0"

"@aws-sdk/credential-provider-node@3.533.0":
  version "3.533.0"
  resolved "https://registry.yarnpkg.com/@aws-sdk/credential-provider-node/-/credential-provider-node-3.533.0.tgz#96d6fcbef83520bd270a5797d9ca8ba7517e05d0"
  integrity sha512-Tn2grwFfFDLV5Hr8sZvZY5pjEmDUOm/e+ipnyxxCBB/K7t2ru2R4jG/RUa6+dZXSH/pi+TNte9cYq/Lx2Szjlw==
  dependencies:
    "@aws-sdk/credential-provider-env" "3.533.0"
    "@aws-sdk/credential-provider-http" "3.533.0"
    "@aws-sdk/credential-provider-ini" "3.533.0"
    "@aws-sdk/credential-provider-process" "3.533.0"
    "@aws-sdk/credential-provider-sso" "3.533.0"
    "@aws-sdk/credential-provider-web-identity" "3.533.0"
    "@aws-sdk/types" "3.533.0"
    "@smithy/credential-provider-imds" "^2.2.6"
    "@smithy/property-provider" "^2.1.4"
    "@smithy/shared-ini-file-loader" "^2.3.5"
    "@smithy/types" "^2.11.0"
    tslib "^2.5.0"

"@aws-sdk/credential-provider-process@3.533.0":
  version "3.533.0"
  resolved "https://registry.yarnpkg.com/@aws-sdk/credential-provider-process/-/credential-provider-process-3.533.0.tgz#e7fa3e721fb7e82fd9c1c33dd9b224b16e5cf8b9"
  integrity sha512-9Iuhp8dhMqEv7kPsZlc9KFhC5XvuB/jFv3IZoTtRgbACW4cdxng7OwJEWdeZGrcjy9x40Tc2DT9KcmCE895KpQ==
  dependencies:
    "@aws-sdk/types" "3.533.0"
    "@smithy/property-provider" "^2.1.4"
    "@smithy/shared-ini-file-loader" "^2.3.5"
    "@smithy/types" "^2.11.0"
    tslib "^2.5.0"

"@aws-sdk/credential-provider-sso@3.533.0":
  version "3.533.0"
  resolved "https://registry.yarnpkg.com/@aws-sdk/credential-provider-sso/-/credential-provider-sso-3.533.0.tgz#ede23bde4e871ad1c3a234c7b364ed3c010d851a"
  integrity sha512-1zPZQnFUoZ0fWuLPW2X2L3jPKyd+qW8VzFO1k26oX1KJuiEZJzoYbfap08soy6vhFI+n4NfsAgvoA1IMsqG0Pg==
  dependencies:
    "@aws-sdk/client-sso" "3.533.0"
    "@aws-sdk/token-providers" "3.533.0"
    "@aws-sdk/types" "3.533.0"
    "@smithy/property-provider" "^2.1.4"
    "@smithy/shared-ini-file-loader" "^2.3.5"
    "@smithy/types" "^2.11.0"
    tslib "^2.5.0"

"@aws-sdk/credential-provider-web-identity@3.533.0":
  version "3.533.0"
  resolved "https://registry.yarnpkg.com/@aws-sdk/credential-provider-web-identity/-/credential-provider-web-identity-3.533.0.tgz#f7c8c27e07d881ac9b702f14bad0849ba9f9e184"
  integrity sha512-utemXrFmvFxBvX+WCznlh5wGdXRIfwEyeNIDFs+WLRn8NIR/6gqCipi7rlC9ZbFFkBhkCTssa6+ruXG+kUQcMg==
  dependencies:
    "@aws-sdk/client-sts" "3.533.0"
    "@aws-sdk/types" "3.533.0"
    "@smithy/property-provider" "^2.1.4"
    "@smithy/types" "^2.11.0"
    tslib "^2.5.0"

"@aws-sdk/middleware-host-header@3.533.0":
  version "3.533.0"
  resolved "https://registry.yarnpkg.com/@aws-sdk/middleware-host-header/-/middleware-host-header-3.533.0.tgz#227b785e632a92ec9e6a261a523c9e7d215af9fd"
  integrity sha512-y9JaPjvz3pk4DZcFB6Nud//Hc6y4BkkSwiGXfthwFv5kxfaaksHKd8smDjL3RUPqDKl8AI9vxHzTz1UrQQkpQw==
  dependencies:
    "@aws-sdk/types" "3.533.0"
    "@smithy/protocol-http" "^3.2.2"
    "@smithy/types" "^2.11.0"
    tslib "^2.5.0"

"@aws-sdk/middleware-logger@3.533.0":
  version "3.533.0"
  resolved "https://registry.yarnpkg.com/@aws-sdk/middleware-logger/-/middleware-logger-3.533.0.tgz#259915eceaf158f00b9a4f925c442bde3d6462af"
  integrity sha512-W+ou4YgqnHn/xVNcBgfwAUCtXTHGJjjsFffdt69s1Tb7rP5U4gXnl8wHHADajy9tXiKK48fRc2SGF42EthjQIA==
  dependencies:
    "@aws-sdk/types" "3.533.0"
    "@smithy/types" "^2.11.0"
    tslib "^2.5.0"

"@aws-sdk/middleware-recursion-detection@3.533.0":
  version "3.533.0"
  resolved "https://registry.yarnpkg.com/@aws-sdk/middleware-recursion-detection/-/middleware-recursion-detection-3.533.0.tgz#ac48fdce1e3f7c3e106c41d16a784596695418eb"
  integrity sha512-dobVdJ4g1avrVG6QTRHndfvdTxUeloDCn32WLwyOV11XF/2x5p8QJ1VZS+K24xsl29DoJ8bXibZf9xZ7MPwRLg==
  dependencies:
    "@aws-sdk/types" "3.533.0"
    "@smithy/protocol-http" "^3.2.2"
    "@smithy/types" "^2.11.0"
    tslib "^2.5.0"

"@aws-sdk/middleware-sdk-route53@3.533.0":
  version "3.533.0"
  resolved "https://registry.yarnpkg.com/@aws-sdk/middleware-sdk-route53/-/middleware-sdk-route53-3.533.0.tgz#ed3c11984e3a9e54a269253825400025c6d6dacc"
  integrity sha512-t1hdhMjqJKM80nsQWSoUTEZCFmto2J2roPZytvcbe4AHXYtMhUK8VsZXip88/uIqSB/0bxv4K1LWYjXZOSzK+A==
  dependencies:
    "@aws-sdk/types" "3.533.0"
    "@smithy/types" "^2.11.0"
    tslib "^2.5.0"

"@aws-sdk/middleware-user-agent@3.533.0":
  version "3.533.0"
  resolved "https://registry.yarnpkg.com/@aws-sdk/middleware-user-agent/-/middleware-user-agent-3.533.0.tgz#0cad8c5a4220170d3368708a589ded997a12256d"
  integrity sha512-H5vbkgwFVgp9egQ/CR+gLRXhVJ/jHqq+J9TTug/To4ev183fcNc2OE15ojiNek8phuSsBZITLaQB+DWBTydsAA==
  dependencies:
    "@aws-sdk/types" "3.533.0"
    "@aws-sdk/util-endpoints" "3.533.0"
    "@smithy/protocol-http" "^3.2.2"
    "@smithy/types" "^2.11.0"
    tslib "^2.5.0"

"@aws-sdk/region-config-resolver@3.533.0":
  version "3.533.0"
  resolved "https://registry.yarnpkg.com/@aws-sdk/region-config-resolver/-/region-config-resolver-3.533.0.tgz#86f922a7888eff36411ab5507b7a1fd39c08696d"
  integrity sha512-1FLLcohz23aVV+lK3iCUJpjKO/4adXjre0KMg9tvHWwCkOD/sZgLjzlv+BW5Fx2vH3Dgo0kDQ04+XEsbuVC2xA==
  dependencies:
    "@aws-sdk/types" "3.533.0"
    "@smithy/node-config-provider" "^2.2.5"
    "@smithy/types" "^2.11.0"
    "@smithy/util-config-provider" "^2.2.1"
    "@smithy/util-middleware" "^2.1.4"
    tslib "^2.5.0"

"@aws-sdk/token-providers@3.533.0":
  version "3.533.0"
  resolved "https://registry.yarnpkg.com/@aws-sdk/token-providers/-/token-providers-3.533.0.tgz#7cfca598d77931bb3cbdaefca72c24d2133c10ec"
  integrity sha512-mHaZUeJ6zfbkW0E64dUmzDwReO1LoDYRful+FT1dbKqQr0p+9Q8o4n6fAswwAVfCYHaAeIt68vE0zVkAlbGCqA==
  dependencies:
    "@aws-sdk/client-sso-oidc" "3.533.0"
    "@aws-sdk/types" "3.533.0"
    "@smithy/property-provider" "^2.1.4"
    "@smithy/shared-ini-file-loader" "^2.3.5"
    "@smithy/types" "^2.11.0"
    tslib "^2.5.0"

"@aws-sdk/types@3.533.0", "@aws-sdk/types@^3.222.0":
  version "3.533.0"
  resolved "https://registry.yarnpkg.com/@aws-sdk/types/-/types-3.533.0.tgz#4c4ade8f41f153295c69f1dea812dcd6154613e3"
  integrity sha512-mFb0701oLRcJ7Y2unlrszzk9rr2P6nt2A4Bdz4K5WOsY4f4hsdbcYkrzA1NPmIUTEttU9JT0YG+8z0XxLEX4Aw==
  dependencies:
    "@smithy/types" "^2.11.0"
    tslib "^2.5.0"

"@aws-sdk/util-endpoints@3.533.0":
  version "3.533.0"
  resolved "https://registry.yarnpkg.com/@aws-sdk/util-endpoints/-/util-endpoints-3.533.0.tgz#b9751fef5436caabdf0f168534b84c4a61df4d7d"
  integrity sha512-pmjRqWqno6X61RaJ/iEbSSql79Jyaq9d9SvTkyvo8Ce8Kb+49cflzUY1PP0s40Caj4H+bUkpksVHwO7t2qIakw==
  dependencies:
    "@aws-sdk/types" "3.533.0"
    "@smithy/types" "^2.11.0"
    "@smithy/util-endpoints" "^1.1.5"
    tslib "^2.5.0"

"@aws-sdk/util-locate-window@^3.0.0":
  version "3.495.0"
  resolved "https://registry.yarnpkg.com/@aws-sdk/util-locate-window/-/util-locate-window-3.495.0.tgz#9034fd8db77991b28ed20e067acdd53e8b8f824b"
  integrity sha512-MfaPXT0kLX2tQaR90saBT9fWQq2DHqSSJRzW+MZWsmF+y5LGCOhO22ac/2o6TKSQm7h0HRc2GaADqYYYor62yg==
  dependencies:
    tslib "^2.5.0"

"@aws-sdk/util-user-agent-browser@3.533.0":
  version "3.533.0"
  resolved "https://registry.yarnpkg.com/@aws-sdk/util-user-agent-browser/-/util-user-agent-browser-3.533.0.tgz#323da7e2cae11528adcdab98573f1e4196e97cb6"
  integrity sha512-wyzDxH89yQ89+Q/9rWZeYBeegaXkB4nhb9Bd+xG4J3KgaNVuVvaYT6Nbzjg4oPtuC+pPeQp1iSXKs/2QTlsqPA==
  dependencies:
    "@aws-sdk/types" "3.533.0"
    "@smithy/types" "^2.11.0"
    bowser "^2.11.0"
    tslib "^2.5.0"

"@aws-sdk/util-user-agent-node@3.533.0":
  version "3.533.0"
  resolved "https://registry.yarnpkg.com/@aws-sdk/util-user-agent-node/-/util-user-agent-node-3.533.0.tgz#14e65837096544f7504953831a7a45a6a29525b2"
  integrity sha512-Tu79n4+q1MAPPFEtu7xTgiTQGzOAPe4c2p8vSyrIJEBHclf7cyvZxgziQAyM9Yy4DoRdtnnAeeybao3U4d+CzA==
  dependencies:
    "@aws-sdk/types" "3.533.0"
    "@smithy/node-config-provider" "^2.2.5"
    "@smithy/types" "^2.11.0"
    tslib "^2.5.0"

"@aws-sdk/util-utf8-browser@^3.0.0":
  version "3.259.0"
  resolved "https://registry.yarnpkg.com/@aws-sdk/util-utf8-browser/-/util-utf8-browser-3.259.0.tgz#3275a6f5eb334f96ca76635b961d3c50259fd9ff"
  integrity sha512-UvFa/vR+e19XookZF8RzFZBrw2EUkQWxiBW0yYQAhvk3C+QVGl0H3ouca8LDBlBfQKXwmW3huo/59H8rwb1wJw==
  dependencies:
    tslib "^2.3.1"

"@aws-sdk/xml-builder@3.533.0":
  version "3.533.0"
  resolved "https://registry.yarnpkg.com/@aws-sdk/xml-builder/-/xml-builder-3.533.0.tgz#7809aaab095c6325e21eab40d4be6a4e5f57adef"
  integrity sha512-wkqoK76SWokrNhcFbcNxGpDAS2S7VL03u7GcTYwezaA7L20VH4r2sT2u6VUFQ5v+aPZ973BesNTIF4sAItvCaw==
  dependencies:
    "@smithy/types" "^2.11.0"
    tslib "^2.5.0"

"@cspotcode/source-map-support@^0.8.0":
  version "0.8.1"
  resolved "https://registry.yarnpkg.com/@cspotcode/source-map-support/-/source-map-support-0.8.1.tgz#00629c35a688e05a88b1cda684fb9d5e73f000a1"
  integrity sha512-IchNf6dN4tHoMFIn/7OE8LWZ19Y6q/67Bmf6vnGREv8RSbBVb9LPJxEcnwrcwX6ixSvaiGoomAUvu4YSxXrVgw==
  dependencies:
    "@jridgewell/trace-mapping" "0.3.9"

"@jridgewell/resolve-uri@^3.0.3":
  version "3.1.2"
  resolved "https://registry.yarnpkg.com/@jridgewell/resolve-uri/-/resolve-uri-3.1.2.tgz#7a0ee601f60f99a20c7c7c5ff0c80388c1189bd6"
  integrity sha512-bRISgCIjP20/tbWSPWMEi54QVPRZExkuD9lJL+UIxUKtwVJA8wW1Trb1jMs1RFXo1CBTNZ/5hpC9QvmKWdopKw==

"@jridgewell/sourcemap-codec@^1.4.10":
  version "1.4.15"
  resolved "https://registry.yarnpkg.com/@jridgewell/sourcemap-codec/-/sourcemap-codec-1.4.15.tgz#d7c6e6755c78567a951e04ab52ef0fd26de59f32"
  integrity sha512-eF2rxCRulEKXHTRiDrDy6erMYWqNw4LPdQ8UQA4huuxaQsVeRPFl2oM8oDGxMFhJUWZf9McpLtJasDDZb/Bpeg==

"@jridgewell/trace-mapping@0.3.9":
  version "0.3.9"
  resolved "https://registry.yarnpkg.com/@jridgewell/trace-mapping/-/trace-mapping-0.3.9.tgz#6534fd5933a53ba7cbf3a17615e273a0d1273ff9"
  integrity sha512-3Belt6tdc8bPgAtbcmdtNJlirVoTmEb5e2gC94PnkwEW9jI6CAHUeoG85tjWP5WquqfavoMtMwiG4P926ZKKuQ==
  dependencies:
    "@jridgewell/resolve-uri" "^3.0.3"
    "@jridgewell/sourcemap-codec" "^1.4.10"

"@smithy/abort-controller@^2.1.4":
  version "2.1.4"
  resolved "https://registry.yarnpkg.com/@smithy/abort-controller/-/abort-controller-2.1.4.tgz#7c65f910ce59abc9715cba8347dd454dbf5538a9"
  integrity sha512-66HO817oIZ2otLIqy06R5muapqZjkgF1jfU0wyNko8cuqZNu8nbS9ljlhcRYw/M/uWRJzB9ih81DLSHhYbBLlQ==
  dependencies:
    "@smithy/types" "^2.11.0"
    tslib "^2.5.0"

"@smithy/config-resolver@^2.1.5":
  version "2.1.5"
  resolved "https://registry.yarnpkg.com/@smithy/config-resolver/-/config-resolver-2.1.5.tgz#51d047d2ff7b69cbb8d8b1a197f0edc2a17fbc1b"
  integrity sha512-LcBB5JQC3Tx2ZExIJzfvWaajhFIwHrUNQeqxhred2r5nnqrdly9uoCrvM1sxOOdghYuWWm2Kr8tBCDOmxsgeTA==
  dependencies:
    "@smithy/node-config-provider" "^2.2.5"
    "@smithy/types" "^2.11.0"
    "@smithy/util-config-provider" "^2.2.1"
    "@smithy/util-middleware" "^2.1.4"
    tslib "^2.5.0"

"@smithy/core@^1.3.8":
  version "1.3.8"
  resolved "https://registry.yarnpkg.com/@smithy/core/-/core-1.3.8.tgz#91e432bf78fe79ef80b0314e4dec12de92b7b561"
  integrity sha512-6cFhQ9ChU7MxvOXJn6nuUSONacpNsGHWhfueROQuM/0vibDdZA9FWEdNbVkuVuc+BFI5BnaX3ltERUlpUirpIA==
  dependencies:
    "@smithy/middleware-endpoint" "^2.4.6"
    "@smithy/middleware-retry" "^2.1.7"
    "@smithy/middleware-serde" "^2.2.1"
    "@smithy/protocol-http" "^3.2.2"
    "@smithy/smithy-client" "^2.4.5"
    "@smithy/types" "^2.11.0"
    "@smithy/util-middleware" "^2.1.4"
    tslib "^2.5.0"

"@smithy/credential-provider-imds@^2.2.6":
  version "2.2.6"
  resolved "https://registry.yarnpkg.com/@smithy/credential-provider-imds/-/credential-provider-imds-2.2.6.tgz#a518575d5b830370fa76a270c376ce9f208d4c74"
  integrity sha512-+xQe4Pite0kdk9qn0Vyw5BRVh0iSlj+T4TEKRXr4E1wZKtVgIzGlkCrfICSjiPVFkPxk4jMpVboMYdEiiA88/w==
  dependencies:
    "@smithy/node-config-provider" "^2.2.5"
    "@smithy/property-provider" "^2.1.4"
    "@smithy/types" "^2.11.0"
    "@smithy/url-parser" "^2.1.4"
    tslib "^2.5.0"

"@smithy/eventstream-codec@^2.1.4":
  version "2.1.4"
  resolved "https://registry.yarnpkg.com/@smithy/eventstream-codec/-/eventstream-codec-2.1.4.tgz#ba8855fcd53d06a456ec2e59f11eadd1eb7ffa62"
  integrity sha512-UkiieTztP7adg8EuqZvB0Y4LewdleZCJU7Kgt9RDutMsRYqO32fMpWeQHeTHaIMosmzcRZUykMRrhwGJe9mP3A==
  dependencies:
    "@aws-crypto/crc32" "3.0.0"
    "@smithy/types" "^2.11.0"
    "@smithy/util-hex-encoding" "^2.1.1"
    tslib "^2.5.0"

"@smithy/fetch-http-handler@^2.4.5":
  version "2.4.5"
  resolved "https://registry.yarnpkg.com/@smithy/fetch-http-handler/-/fetch-http-handler-2.4.5.tgz#e036f6653259e742841d10280fc049c337e739e8"
  integrity sha512-FR1IMGdo0yRFs1tk71zRGSa1MznVLQOVNaPjyNtx6dOcy/u0ovEnXN5NVz6slw5KujFlg3N1w4+UbO8F3WyYUg==
  dependencies:
    "@smithy/protocol-http" "^3.2.2"
    "@smithy/querystring-builder" "^2.1.4"
    "@smithy/types" "^2.11.0"
    "@smithy/util-base64" "^2.2.1"
    tslib "^2.5.0"

"@smithy/hash-node@^2.1.4":
  version "2.1.4"
  resolved "https://registry.yarnpkg.com/@smithy/hash-node/-/hash-node-2.1.4.tgz#a2cc973ca9a074085d3b70969b5be186a0d5ee94"
  integrity sha512-uvCcpDLXaTTL0X/9ezF8T8sS77UglTfZVQaUOBiCvR0QydeSyio3t0Hj3QooVdyFsKTubR8gCk/ubLk3vAyDng==
  dependencies:
    "@smithy/types" "^2.11.0"
    "@smithy/util-buffer-from" "^2.1.1"
    "@smithy/util-utf8" "^2.2.0"
    tslib "^2.5.0"

"@smithy/invalid-dependency@^2.1.4":
  version "2.1.4"
  resolved "https://registry.yarnpkg.com/@smithy/invalid-dependency/-/invalid-dependency-2.1.4.tgz#aa58540c21b39fbedf58192fb34e6fb49cc736ca"
  integrity sha512-QzlNBl6jt3nb9jNnE51wTegReVvUdozyMMrFEyb/rc6AzPID1O+qMJYjAAoNw098y0CZVfCpEnoK2+mfBOd8XA==
  dependencies:
    "@smithy/types" "^2.11.0"
    tslib "^2.5.0"

"@smithy/is-array-buffer@^2.1.1":
  version "2.1.1"
  resolved "https://registry.yarnpkg.com/@smithy/is-array-buffer/-/is-array-buffer-2.1.1.tgz#07b4c77ae67ed58a84400c76edd482271f9f957b"
  integrity sha512-xozSQrcUinPpNPNPds4S7z/FakDTh1MZWtRP/2vQtYB/u3HYrX2UXuZs+VhaKBd6Vc7g2XPr2ZtwGBNDN6fNKQ==
  dependencies:
    tslib "^2.5.0"

"@smithy/middleware-content-length@^2.1.4":
  version "2.1.4"
  resolved "https://registry.yarnpkg.com/@smithy/middleware-content-length/-/middleware-content-length-2.1.4.tgz#0939d7b36f029f075a118ac1673db2655f51ff81"
  integrity sha512-C6VRwfcr0w9qRFhDGCpWMVhlEIBFlmlPRP1aX9Cv9xDj9SUwlDrNvoV1oP1vjRYuLxCDgovBBynCwwcluS2wLw==
  dependencies:
    "@smithy/protocol-http" "^3.2.2"
    "@smithy/types" "^2.11.0"
    tslib "^2.5.0"

"@smithy/middleware-endpoint@^2.4.6":
  version "2.4.6"
  resolved "https://registry.yarnpkg.com/@smithy/middleware-endpoint/-/middleware-endpoint-2.4.6.tgz#18fbae774b722d47d4d40dad73466893a035a072"
  integrity sha512-AsXtUXHPOAS0EGZUSFOsVJvc7p0KL29PGkLxLfycPOcFVLru/oinYB6yvyL73ZZPX2OB8sMYUMrj7eH2kI7V/w==
  dependencies:
    "@smithy/middleware-serde" "^2.2.1"
    "@smithy/node-config-provider" "^2.2.5"
    "@smithy/shared-ini-file-loader" "^2.3.5"
    "@smithy/types" "^2.11.0"
    "@smithy/url-parser" "^2.1.4"
    "@smithy/util-middleware" "^2.1.4"
    tslib "^2.5.0"

"@smithy/middleware-retry@^2.1.7":
  version "2.1.7"
  resolved "https://registry.yarnpkg.com/@smithy/middleware-retry/-/middleware-retry-2.1.7.tgz#ad49013c40f0b3593ad8140dd7b50368a1e2ce42"
  integrity sha512-8fOP/cJN4oMv+5SRffZC8RkqfWxHqGgn/86JPINY/1DnTRegzf+G5GT9lmIdG1YasuSbU7LISfW9PXil3isPVw==
  dependencies:
    "@smithy/node-config-provider" "^2.2.5"
    "@smithy/protocol-http" "^3.2.2"
    "@smithy/service-error-classification" "^2.1.4"
    "@smithy/smithy-client" "^2.4.5"
    "@smithy/types" "^2.11.0"
    "@smithy/util-middleware" "^2.1.4"
    "@smithy/util-retry" "^2.1.4"
    tslib "^2.5.0"
    uuid "^8.3.2"

"@smithy/middleware-serde@^2.2.1":
  version "2.2.1"
  resolved "https://registry.yarnpkg.com/@smithy/middleware-serde/-/middleware-serde-2.2.1.tgz#b4a6a757e3f6f62e432f53020a06d27eabe8f424"
  integrity sha512-VAWRWqnNjgccebndpyK94om4ZTYzXLQxUmNCXYzM/3O9MTfQjTNBgtFtQwyIIez6z7LWcCsXmnKVIOE9mLqAHQ==
  dependencies:
    "@smithy/types" "^2.11.0"
    tslib "^2.5.0"

"@smithy/middleware-stack@^2.1.4":
  version "2.1.4"
  resolved "https://registry.yarnpkg.com/@smithy/middleware-stack/-/middleware-stack-2.1.4.tgz#eb475eb31ad6fed0aa21ee0896c3c80114b73507"
  integrity sha512-Qqs2ba8Ax1rGKOSGJS2JN23fhhox2WMdRuzx0NYHtXzhxbJOIMmz9uQY6Hf4PY8FPteBPp1+h0j5Fmr+oW12sg==
  dependencies:
    "@smithy/types" "^2.11.0"
    tslib "^2.5.0"

"@smithy/node-config-provider@^2.2.5":
  version "2.2.5"
  resolved "https://registry.yarnpkg.com/@smithy/node-config-provider/-/node-config-provider-2.2.5.tgz#39c7a06e798f763722d12fccab6160896b2ee08b"
  integrity sha512-CxPf2CXhjO79IypHJLBATB66Dw6suvr1Yc2ccY39hpR6wdse3pZ3E8RF83SODiNH0Wjmkd0ze4OF8exugEixgA==
  dependencies:
    "@smithy/property-provider" "^2.1.4"
    "@smithy/shared-ini-file-loader" "^2.3.5"
    "@smithy/types" "^2.11.0"
    tslib "^2.5.0"

"@smithy/node-http-handler@^2.4.3":
  version "2.4.3"
  resolved "https://registry.yarnpkg.com/@smithy/node-http-handler/-/node-http-handler-2.4.3.tgz#f9cc5a2197098a78be5a31776829b82a01b34276"
  integrity sha512-bD5zRdEl1u/4vAAMeQnGEUNbH1seISV2Z0Wnn7ltPRl/6B2zND1R9XzTfsOnH1R5jqghpochF/mma8u7uXz0qQ==
  dependencies:
    "@smithy/abort-controller" "^2.1.4"
    "@smithy/protocol-http" "^3.2.2"
    "@smithy/querystring-builder" "^2.1.4"
    "@smithy/types" "^2.11.0"
    tslib "^2.5.0"

"@smithy/property-provider@^2.1.4":
  version "2.1.4"
  resolved "https://registry.yarnpkg.com/@smithy/property-provider/-/property-provider-2.1.4.tgz#0f127125c4b6f3ae0ddb4777946926f0bd8f0ca1"
  integrity sha512-nWaY/MImj1BiXZ9WY65h45dcxOx8pl06KYoHxwojDxDL+Q9yLU1YnZpgv8zsHhEftlj9KhePENjQTlNowWVyug==
  dependencies:
    "@smithy/types" "^2.11.0"
    tslib "^2.5.0"

"@smithy/protocol-http@^3.2.2":
  version "3.2.2"
  resolved "https://registry.yarnpkg.com/@smithy/protocol-http/-/protocol-http-3.2.2.tgz#af001dcc61e6ce6374315c907ad5bbd09bd3c810"
  integrity sha512-xYBlllOQcOuLoxzhF2u8kRHhIFGQpDeTQj/dBSnw4kfI29WMKL5RnW1m9YjnJAJ49miuIvrkJR+gW5bCQ+Mchw==
  dependencies:
    "@smithy/types" "^2.11.0"
    tslib "^2.5.0"

"@smithy/querystring-builder@^2.1.4":
  version "2.1.4"
  resolved "https://registry.yarnpkg.com/@smithy/querystring-builder/-/querystring-builder-2.1.4.tgz#f9cc5f389671d030701dc6ee66e2eaf309642eab"
  integrity sha512-LXSL0J/nRWvGT+jIj+Fip3j0J1ZmHkUyBFRzg/4SmPNCLeDrtVu7ptKOnTboPsFZu5BxmpYok3kJuQzzRdrhbw==
  dependencies:
    "@smithy/types" "^2.11.0"
    "@smithy/util-uri-escape" "^2.1.1"
    tslib "^2.5.0"

"@smithy/querystring-parser@^2.1.4":
  version "2.1.4"
  resolved "https://registry.yarnpkg.com/@smithy/querystring-parser/-/querystring-parser-2.1.4.tgz#17202a1d4844ac2691bc88d676eb0969b5c01265"
  integrity sha512-U2b8olKXgZAs0eRo7Op11jTNmmcC/sqYmsA7vN6A+jkGnDvJlEl7AetUegbBzU8q3D6WzC5rhR/joIy8tXPzIg==
  dependencies:
    "@smithy/types" "^2.11.0"
    tslib "^2.5.0"

"@smithy/service-error-classification@^2.1.4":
  version "2.1.4"
  resolved "https://registry.yarnpkg.com/@smithy/service-error-classification/-/service-error-classification-2.1.4.tgz#19ba871fcfb654ac03256b885e3184d69ec11a13"
  integrity sha512-JW2Hthy21evnvDmYYk1kItOmbp3X5XI5iqorXgFEunb6hQfSDZ7O1g0Clyxg7k/Pcr9pfLk5xDIR2To/IohlsQ==
  dependencies:
    "@smithy/types" "^2.11.0"

"@smithy/shared-ini-file-loader@^2.3.5":
  version "2.3.5"
  resolved "https://registry.yarnpkg.com/@smithy/shared-ini-file-loader/-/shared-ini-file-loader-2.3.5.tgz#3e2f6f5fcfb1edf934f531dbf17429e2631e3a21"
  integrity sha512-oI99+hOvsM8oAJtxAGmoL/YCcGXtbP0fjPseYGaNmJ4X5xOFTer0KPk7AIH3AL6c5AlYErivEi1X/X78HgTVIw==
  dependencies:
    "@smithy/types" "^2.11.0"
    tslib "^2.5.0"

"@smithy/signature-v4@^2.1.4":
  version "2.1.4"
  resolved "https://registry.yarnpkg.com/@smithy/signature-v4/-/signature-v4-2.1.4.tgz#e83b426ab4138cbb06c755c14a152ed514e1d052"
  integrity sha512-gnu9gCn0qQ8IdhNjs6o3QVCXzUs33znSDYwVMWo3nX4dM6j7z9u6FC302ShYyVWfO4MkVMuGCCJ6nl3PcH7V1Q==
  dependencies:
    "@smithy/eventstream-codec" "^2.1.4"
    "@smithy/is-array-buffer" "^2.1.1"
    "@smithy/types" "^2.11.0"
    "@smithy/util-hex-encoding" "^2.1.1"
    "@smithy/util-middleware" "^2.1.4"
    "@smithy/util-uri-escape" "^2.1.1"
    "@smithy/util-utf8" "^2.2.0"
    tslib "^2.5.0"

"@smithy/smithy-client@^2.4.5":
  version "2.4.5"
  resolved "https://registry.yarnpkg.com/@smithy/smithy-client/-/smithy-client-2.4.5.tgz#63cf9e12c94c113de200cc99f2cecca8a0cda822"
  integrity sha512-igXOM4kPXPo6b5LZXTUqTnrGk20uVd8OXoybC3f89gczzGfziLK4yUNOmiHSdxY9OOMOnnhVe5MpTm01MpFqvA==
  dependencies:
    "@smithy/middleware-endpoint" "^2.4.6"
    "@smithy/middleware-stack" "^2.1.4"
    "@smithy/protocol-http" "^3.2.2"
    "@smithy/types" "^2.11.0"
    "@smithy/util-stream" "^2.1.5"
    tslib "^2.5.0"

"@smithy/types@^2.11.0":
  version "2.11.0"
  resolved "https://registry.yarnpkg.com/@smithy/types/-/types-2.11.0.tgz#d40c27302151be243d3a7319a154b7d7d5775021"
  integrity sha512-AR0SXO7FuAskfNhyGfSTThpLRntDI5bOrU0xrpVYU0rZyjl3LBXInZFMTP/NNSd7IS6Ksdtar0QvnrPRIhVrLQ==
  dependencies:
    tslib "^2.5.0"

"@smithy/url-parser@^2.1.4":
  version "2.1.4"
  resolved "https://registry.yarnpkg.com/@smithy/url-parser/-/url-parser-2.1.4.tgz#b24c13d80677b1cbcf61172f1c3dd49402ff6a07"
  integrity sha512-1hTy6UYRYqOZlHKH2/2NzdNQ4NNmW2Lp0sYYvztKy+dEQuLvZL9w88zCzFQqqFer3DMcscYOshImxkJTGdV+rg==
  dependencies:
    "@smithy/querystring-parser" "^2.1.4"
    "@smithy/types" "^2.11.0"
    tslib "^2.5.0"

"@smithy/util-base64@^2.2.1":
  version "2.2.1"
  resolved "https://registry.yarnpkg.com/@smithy/util-base64/-/util-base64-2.2.1.tgz#215634c4ab9dd48abf4dad6bb328fadc14c488c3"
  integrity sha512-troGfokrpoqv8TGgsb8p4vvM71vqor314514jyQ0i9Zae3qs0jUVbSMCIBB1tseVynXFRcZJAZ9hPQYlifLD5A==
  dependencies:
    "@smithy/util-buffer-from" "^2.1.1"
    "@smithy/util-utf8" "^2.2.0"
    tslib "^2.5.0"

"@smithy/util-body-length-browser@^2.1.1":
  version "2.1.1"
  resolved "https://registry.yarnpkg.com/@smithy/util-body-length-browser/-/util-body-length-browser-2.1.1.tgz#1fc77072768013ae646415eedb9833cd252d055d"
  integrity sha512-ekOGBLvs1VS2d1zM2ER4JEeBWAvIOUKeaFch29UjjJsxmZ/f0L3K3x0dEETgh3Q9bkZNHgT+rkdl/J/VUqSRag==
  dependencies:
    tslib "^2.5.0"

"@smithy/util-body-length-node@^2.2.2":
  version "2.2.2"
  resolved "https://registry.yarnpkg.com/@smithy/util-body-length-node/-/util-body-length-node-2.2.2.tgz#33924882adcc8f4e083cc4ec789210b033d4cca1"
  integrity sha512-U7DooaT1SfW7XHrOcxthYJnQ+WMaefRrFPxW5Qmypw38Ivv+TKvfVuVHA9V162h8BeW9rzOJwOunjgXd0DdB4w==
  dependencies:
    tslib "^2.5.0"

"@smithy/util-buffer-from@^2.1.1":
  version "2.1.1"
  resolved "https://registry.yarnpkg.com/@smithy/util-buffer-from/-/util-buffer-from-2.1.1.tgz#f9346bf8b23c5ba6f6bdb61dd9db779441ba8d08"
  integrity sha512-clhNjbyfqIv9Md2Mg6FffGVrJxw7bgK7s3Iax36xnfVj6cg0fUG7I4RH0XgXJF8bxi+saY5HR21g2UPKSxVCXg==
  dependencies:
    "@smithy/is-array-buffer" "^2.1.1"
    tslib "^2.5.0"

"@smithy/util-config-provider@^2.2.1":
  version "2.2.1"
  resolved "https://registry.yarnpkg.com/@smithy/util-config-provider/-/util-config-provider-2.2.1.tgz#aea0a80236d6cedaee60473802899cff4a8cc0ba"
  integrity sha512-50VL/tx9oYYcjJn/qKqNy7sCtpD0+s8XEBamIFo4mFFTclKMNp+rsnymD796uybjiIquB7VCB/DeafduL0y2kw==
  dependencies:
    tslib "^2.5.0"

"@smithy/util-defaults-mode-browser@^2.1.7":
  version "2.1.7"
  resolved "https://registry.yarnpkg.com/@smithy/util-defaults-mode-browser/-/util-defaults-mode-browser-2.1.7.tgz#a14cb2d585bcb01a9b36b93819fe042460cfc612"
  integrity sha512-vvIpWsysEdY77R0Qzr6+LRW50ye7eii7AyHM0OJnTi0isHYiXo5M/7o4k8gjK/b1upQJdfjzSBoJVa2SWrI+2g==
  dependencies:
    "@smithy/property-provider" "^2.1.4"
    "@smithy/smithy-client" "^2.4.5"
    "@smithy/types" "^2.11.0"
    bowser "^2.11.0"
    tslib "^2.5.0"

"@smithy/util-defaults-mode-node@^2.2.7":
  version "2.2.7"
  resolved "https://registry.yarnpkg.com/@smithy/util-defaults-mode-node/-/util-defaults-mode-node-2.2.7.tgz#f92aa2de80a5bb469cc3fdbc4ff000bbccead0bc"
  integrity sha512-qzXkSDyU6Th+rNNcNkG4a7Ix7m5HlMOtSCPxTVKlkz7eVsqbSSPggegbFeQJ2MVELBB4wnzNPsVPJIrpIaJpXA==
  dependencies:
    "@smithy/config-resolver" "^2.1.5"
    "@smithy/credential-provider-imds" "^2.2.6"
    "@smithy/node-config-provider" "^2.2.5"
    "@smithy/property-provider" "^2.1.4"
    "@smithy/smithy-client" "^2.4.5"
    "@smithy/types" "^2.11.0"
    tslib "^2.5.0"

"@smithy/util-endpoints@^1.1.5":
  version "1.1.5"
  resolved "https://registry.yarnpkg.com/@smithy/util-endpoints/-/util-endpoints-1.1.5.tgz#2f07510013353299b95f483842c59115c0a01e00"
  integrity sha512-tgDpaUNsUtRvNiBulKU1VnpoXU1GINMfZZXunRhUXOTBEAufG1Wp79uDXLau2gg1RZ4dpAR6lXCkrmddihCGUg==
  dependencies:
    "@smithy/node-config-provider" "^2.2.5"
    "@smithy/types" "^2.11.0"
    tslib "^2.5.0"

"@smithy/util-hex-encoding@^2.1.1":
  version "2.1.1"
  resolved "https://registry.yarnpkg.com/@smithy/util-hex-encoding/-/util-hex-encoding-2.1.1.tgz#978252b9fb242e0a59bae4ead491210688e0d15f"
  integrity sha512-3UNdP2pkYUUBGEXzQI9ODTDK+Tcu1BlCyDBaRHwyxhA+8xLP8agEKQq4MGmpjqb4VQAjq9TwlCQX0kP6XDKYLg==
  dependencies:
    tslib "^2.5.0"

"@smithy/util-middleware@^2.1.4":
  version "2.1.4"
  resolved "https://registry.yarnpkg.com/@smithy/util-middleware/-/util-middleware-2.1.4.tgz#eb5f8d3f3639c1c2ff6fae574353249c174f1c03"
  integrity sha512-5yYNOgCN0DL0OplME0pthoUR/sCfipnROkbTO7m872o0GHCVNJj5xOFJ143rvHNA54+pIPMLum4z2DhPC2pVGA==
  dependencies:
    "@smithy/types" "^2.11.0"
    tslib "^2.5.0"

"@smithy/util-retry@^2.1.4":
  version "2.1.4"
  resolved "https://registry.yarnpkg.com/@smithy/util-retry/-/util-retry-2.1.4.tgz#cfbe7aa7609f92eecdce562be5308599a2f6537b"
  integrity sha512-JRZwhA3fhkdenSEYIWatC8oLwt4Bdf2LhHbNQApqb7yFoIGMl4twcYI3BcJZ7YIBZrACA9jGveW6tuCd836XzQ==
  dependencies:
    "@smithy/service-error-classification" "^2.1.4"
    "@smithy/types" "^2.11.0"
    tslib "^2.5.0"

"@smithy/util-stream@^2.1.5":
  version "2.1.5"
  resolved "https://registry.yarnpkg.com/@smithy/util-stream/-/util-stream-2.1.5.tgz#8fa752e55b30209de47d00aed40f93b9b781fae1"
  integrity sha512-FqvBFeTgx+QC4+i8USHqU8Ifs9nYRpW/OBfksojtgkxPIQ2H7ypXDEbnQRAV7PwoNHWcSwPomLYi0svmQQG5ow==
  dependencies:
    "@smithy/fetch-http-handler" "^2.4.5"
    "@smithy/node-http-handler" "^2.4.3"
    "@smithy/types" "^2.11.0"
    "@smithy/util-base64" "^2.2.1"
    "@smithy/util-buffer-from" "^2.1.1"
    "@smithy/util-hex-encoding" "^2.1.1"
    "@smithy/util-utf8" "^2.2.0"
    tslib "^2.5.0"

"@smithy/util-uri-escape@^2.1.1":
  version "2.1.1"
  resolved "https://registry.yarnpkg.com/@smithy/util-uri-escape/-/util-uri-escape-2.1.1.tgz#7eedc93b73ecda68f12fb9cf92e9fa0fbbed4d83"
  integrity sha512-saVzI1h6iRBUVSqtnlOnc9ssU09ypo7n+shdQ8hBTZno/9rZ3AuRYvoHInV57VF7Qn7B+pFJG7qTzFiHxWlWBw==
  dependencies:
    tslib "^2.5.0"

"@smithy/util-utf8@^2.2.0":
  version "2.2.0"
  resolved "https://registry.yarnpkg.com/@smithy/util-utf8/-/util-utf8-2.2.0.tgz#e352a81adc0491fbdc0086a00950d7e8333e211f"
  integrity sha512-hBsKr5BqrDrKS8qy+YcV7/htmMGxriA1PREOf/8AGBhHIZnfilVv1Waf1OyKhSbFW15U/8+gcMUQ9/Kk5qwpHQ==
  dependencies:
    "@smithy/util-buffer-from" "^2.1.1"
    tslib "^2.5.0"

"@smithy/util-waiter@^2.1.4":
  version "2.1.4"
  resolved "https://registry.yarnpkg.com/@smithy/util-waiter/-/util-waiter-2.1.4.tgz#675798056b120a51ca4220d3dac5703ca6a7bba5"
  integrity sha512-AK17WaC0hx1wR9juAOsQkJ6DjDxBGEf5TrKhpXtNFEn+cVto9Li3MVsdpAO97AF7bhFXSyC8tJA3F4ThhqwCdg==
  dependencies:
    "@smithy/abort-controller" "^2.1.4"
    "@smithy/types" "^2.11.0"
    tslib "^2.5.0"

"@tsconfig/node10@^1.0.7":
  version "1.0.9"
  resolved "https://registry.yarnpkg.com/@tsconfig/node10/-/node10-1.0.9.tgz#df4907fc07a886922637b15e02d4cebc4c0021b2"
  integrity sha512-jNsYVVxU8v5g43Erja32laIDHXeoNvFEpX33OK4d6hljo3jDhCBDhx5dhCCTMWUojscpAagGiRkBKxpdl9fxqA==

"@tsconfig/node12@^1.0.7":
  version "1.0.11"
  resolved "https://registry.yarnpkg.com/@tsconfig/node12/-/node12-1.0.11.tgz#ee3def1f27d9ed66dac6e46a295cffb0152e058d"
  integrity sha512-cqefuRsh12pWyGsIoBKJA9luFu3mRxCA+ORZvA4ktLSzIuCUtWVxGIuXigEwO5/ywWFMZ2QEGKWvkZG1zDMTag==

"@tsconfig/node14@^1.0.0":
  version "1.0.3"
  resolved "https://registry.yarnpkg.com/@tsconfig/node14/-/node14-1.0.3.tgz#e4386316284f00b98435bf40f72f75a09dabf6c1"
  integrity sha512-ysT8mhdixWK6Hw3i1V2AeRqZ5WfXg1G43mqoYlM2nc6388Fq5jcXyr5mRsqViLx/GJYdoL0bfXD8nmF+Zn/Iow==

"@tsconfig/node16@^1.0.2":
  version "1.0.4"
  resolved "https://registry.yarnpkg.com/@tsconfig/node16/-/node16-1.0.4.tgz#0b92dcc0cc1c81f6f306a381f28e31b1a56536e9"
  integrity sha512-vxhUy4J8lyeyinH7Azl1pdd43GJhZH/tP2weN8TntQblOY+A0XbT8DJk1/oCPuOOyg/Ja757rG0CgHcWC8OfMA==

"@types/node@^20.11.27":
  version "20.11.27"
  resolved "https://registry.yarnpkg.com/@types/node/-/node-20.11.27.tgz#debe5cfc8a507dd60fe2a3b4875b1604f215c2ac"
  integrity sha512-qyUZfMnCg1KEz57r7pzFtSGt49f6RPkPBis3Vo4PbS7roQEDn22hiHzl/Lo1q4i4hDEgBJmBF/NTNg2XR0HbFg==
  dependencies:
    undici-types "~5.26.4"

acorn-walk@^8.1.1:
  version "8.3.2"
  resolved "https://registry.yarnpkg.com/acorn-walk/-/acorn-walk-8.3.2.tgz#7703af9415f1b6db9315d6895503862e231d34aa"
  integrity sha512-cjkyv4OtNCIeqhHrfS81QWXoCBPExR/J62oyEqepVw8WaQeSqpW2uhuLPh1m9eWhDuOo/jUXVTlifvesOWp/4A==

acorn@^8.4.1:
  version "8.11.3"
  resolved "https://registry.yarnpkg.com/acorn/-/acorn-8.11.3.tgz#71e0b14e13a4ec160724b38fb7b0f233b1b81d7a"
  integrity sha512-Y9rRfJG5jcKOE0CLisYbojUjIrIEE7AGMzA/Sm4BslANhbS+cDMpgBdcPT91oJ7OuJ9hYJBx59RjbhxVnrF8Xg==

arg@^4.1.0:
  version "4.1.3"
  resolved "https://registry.yarnpkg.com/arg/-/arg-4.1.3.tgz#269fc7ad5b8e42cb63c896d5666017261c144089"
  integrity sha512-58S9QDqG0Xx27YwPSt9fJxivjYl432YCwfDMfZ+71RAqUrZef7LrKQZ3LHLOwCS4FLNBplP533Zx895SeOCHvA==

bowser@^2.11.0:
  version "2.11.0"
  resolved "https://registry.yarnpkg.com/bowser/-/bowser-2.11.0.tgz#5ca3c35757a7aa5771500c70a73a9f91ef420a8f"
  integrity sha512-AlcaJBi/pqqJBIQ8U9Mcpc9i8Aqxn88Skv5d+xBX006BY5u8N3mGLHa5Lgppa7L/HfwgwLgZ6NYs+Ag6uUmJRA==

create-require@^1.1.0:
  version "1.1.1"
  resolved "https://registry.yarnpkg.com/create-require/-/create-require-1.1.1.tgz#c1d7e8f1e5f6cfc9ff65f9cd352d37348756c333"
  integrity sha512-dcKFX3jn0MpIaXjisoRvexIJVEKzaq7z2rZKxf+MSr9TkdmHmsU4m2lcLojrj/FHl8mk5VxMmYA+ftRkP/3oKQ==

diff@^4.0.1:
  version "4.0.2"
  resolved "https://registry.yarnpkg.com/diff/-/diff-4.0.2.tgz#60f3aecb89d5fae520c11aa19efc2bb982aade7d"
  integrity sha512-58lmxKSA4BNyLz+HHMUzlOEpg09FV+ev6ZMe3vJihgdxzgcwZ8VoEEPmALCZG9LmqfVoNMMKpttIYTVG6uDY7A==

dotenv@^16.4.5:
  version "16.4.5"
  resolved "https://registry.yarnpkg.com/dotenv/-/dotenv-16.4.5.tgz#cdd3b3b604cb327e286b4762e13502f717cb099f"
  integrity sha512-ZmdL2rui+eB2YwhsWzjInR8LldtZHGDoQ1ugH85ppHKwpUHL7j7rN0Ti9NCnGiQbhaZ11FpR+7ao1dNsmduNUg==

fast-xml-parser@4.2.5:
  version "4.2.5"
  resolved "https://registry.yarnpkg.com/fast-xml-parser/-/fast-xml-parser-4.2.5.tgz#a6747a09296a6cb34f2ae634019bf1738f3b421f"
  integrity sha512-B9/wizE4WngqQftFPmdaMYlXoJlJOYxGQOanC77fq9k8+Z0v5dDSVh+3glErdIROP//s/jgb7ZuxKfB8nVyo0g==
  dependencies:
    strnum "^1.0.5"

make-error@^1.1.1:
  version "1.3.6"
  resolved "https://registry.yarnpkg.com/make-error/-/make-error-1.3.6.tgz#2eb2e37ea9b67c4891f684a1394799af484cf7a2"
  integrity sha512-s8UhlNe7vPKomQhC1qFelMokr/Sc3AgNbso3n74mVPA5LTZwkB9NlXf4XPamLxJE8h0gh73rM94xvwRT2CVInw==

strnum@^1.0.5:
  version "1.0.5"
  resolved "https://registry.yarnpkg.com/strnum/-/strnum-1.0.5.tgz#5c4e829fe15ad4ff0d20c3db5ac97b73c9b072db"
  integrity sha512-J8bbNyKKXl5qYcR36TIO8W3mVGVHrmmxsd5PAItGkmyzwJvybiw2IVq5nqd0i4LSNSkB/sx9VHllbfFdr9k1JA==

ts-node@^10.9.2:
  version "10.9.2"
  resolved "https://registry.yarnpkg.com/ts-node/-/ts-node-10.9.2.tgz#70f021c9e185bccdca820e26dc413805c101c71f"
  integrity sha512-f0FFpIdcHgn8zcPSbf1dRevwt047YMnaiJM3u2w2RewrB+fob/zePZcrOyQoLMMO7aBIddLcQIEK5dYjkLnGrQ==
  dependencies:
    "@cspotcode/source-map-support" "^0.8.0"
    "@tsconfig/node10" "^1.0.7"
    "@tsconfig/node12" "^1.0.7"
    "@tsconfig/node14" "^1.0.0"
    "@tsconfig/node16" "^1.0.2"
    acorn "^8.4.1"
    acorn-walk "^8.1.1"
    arg "^4.1.0"
    create-require "^1.1.0"
    diff "^4.0.1"
    make-error "^1.1.1"
    v8-compile-cache-lib "^3.0.1"
    yn "3.1.1"

tslib@^1.11.1:
  version "1.14.1"
  resolved "https://registry.yarnpkg.com/tslib/-/tslib-1.14.1.tgz#cf2d38bdc34a134bcaf1091c41f6619e2f672d00"
  integrity sha512-Xni35NKzjgMrwevysHTCArtLDpPvye8zV/0E4EyYn43P7/7qvQwPh9BGkHewbMulVntbigmcT7rdX3BNo9wRJg==

tslib@^2.3.1, tslib@^2.5.0:
  version "2.6.2"
  resolved "https://registry.yarnpkg.com/tslib/-/tslib-2.6.2.tgz#703ac29425e7b37cd6fd456e92404d46d1f3e4ae"
  integrity sha512-AEYxH93jGFPn/a2iVAwW87VuUIkR1FVUKB77NwMF7nBTDkDrrT/Hpt/IrCJ0QXhW27jTBDcf5ZY7w6RiqTMw2Q==

typescript@^5.4.2:
  version "5.4.2"
  resolved "https://registry.yarnpkg.com/typescript/-/typescript-5.4.2.tgz#0ae9cebcfae970718474fe0da2c090cad6577372"
  integrity sha512-+2/g0Fds1ERlP6JsakQQDXjZdZMM+rqpamFZJEKh4kwTIn3iDkgKtby0CeNd5ATNZ4Ry1ax15TMx0W2V+miizQ==

undici-types@~5.26.4:
  version "5.26.5"
  resolved "https://registry.yarnpkg.com/undici-types/-/undici-types-5.26.5.tgz#bcd539893d00b56e964fd2657a4866b221a65617"
  integrity sha512-JlCMO+ehdEIKqlFxk6IfVoAUVmgz7cU7zD/h9XZ0qzeosSHmUJVOzSQvvYSYWXkFXC+IfLKSIffhv0sVZup6pA==

uuid@^8.3.2:
  version "8.3.2"
  resolved "https://registry.yarnpkg.com/uuid/-/uuid-8.3.2.tgz#80d5b5ced271bb9af6c445f21a1a04c606cefbe2"
  integrity sha512-+NYs2QeMWy+GWFOEm9xnn6HCDp0l7QBD7ml8zLUmJ+93Q5NF0NocErnwkTkXVFNiX3/fpC6afS8Dhb/gz7R7eg==

v8-compile-cache-lib@^3.0.1:
  version "3.0.1"
  resolved "https://registry.yarnpkg.com/v8-compile-cache-lib/-/v8-compile-cache-lib-3.0.1.tgz#6336e8d71965cb3d35a1bbb7868445a7c05264bf"
  integrity sha512-wa7YjyUGfNZngI/vtK0UHAN+lgDCxBPCylVXGp0zu59Fz5aiGtNXaq3DhIov063MorB+VfufLh3JlF2KdTK3xg==

yn@3.1.1:
  version "3.1.1"
  resolved "https://registry.yarnpkg.com/yn/-/yn-3.1.1.tgz#1e87401a09d767c1d5eab26a6e4c185182d2eb50"
  integrity sha512-Ux4ygGWsu2c7isFWe8Yu1YluJmqVhxqK2cLXNQA5AcC3QfbGNpM7fu0Y8b/z16pXLnFxZYvWhd3fhBY9DLmC6Q==
